# THIS IS AN AUTOGENERATED FILE. DO NOT EDIT THIS FILE DIRECTLY.
# yarn lockfile v1


cli-table@^0.3.1:
  version "0.3.1"
  resolved "https://registry.yarnpkg.com/cli-table/-/cli-table-0.3.1.tgz#f53b05266a8b1a0b934b3d0821e6e2dc5914ae23"
  integrity sha1-9TsFJmqLGguTSz0IIebi3FkUriM=
  dependencies:
    colors "1.0.3"

colors@1.0.3:
  version "1.0.3"
  resolved "https://registry.yarnpkg.com/colors/-/colors-1.0.3.tgz#0433f44d809680fdeb60ed260f1b0c262e82a40b"
  integrity sha1-BDP0TYCWgP3rYO0mDxsMJi6CpAs=

elm-license-finder@^0.1.1:
  version "0.1.1"
  resolved "https://registry.yarnpkg.com/elm-license-finder/-/elm-license-finder-0.1.1.tgz#62251a52d887f0e6ce39b3bc8ca38334b6027cc8"
  integrity sha512-WMtoohxtBFhGQ6C6CU93yVIVUk60fuMkoP+PHthK2qrhk4gz73qGOUUPSrhGWjhOgLS5cuzNaBmr9JkHSOppww==
