# THIS IS AN AUTOGENERATED FILE. DO NOT EDIT THIS FILE DIRECTLY.
# yarn lockfile v1


cli-table@^0.3.1:
  version "0.3.1"
  resolved "https://registry.yarnpkg.com/cli-table/-/cli-table-0.3.1.tgz#f53b05266a8b1a0b934b3d0821e6e2dc5914ae23"
  integrity sha1-9TsFJmqLGguTSz0IIebi3FkUriM=
  dependencies:
    colors "1.0.3"

colors@1.0.3:
  version "1.0.3"
  resolved "https://registry.yarnpkg.com/colors/-/colors-1.0.3.tgz#0433f44d809680fdeb60ed260f1b0c262e82a40b"
  integrity sha1-BDP0TYCWgP3rYO0mDxsMJi6CpAs=

commander@^4.1.0:
  version "4.1.0"
  resolved "https://registry.yarnpkg.com/commander/-/commander-4.1.0.tgz#545983a0603fe425bc672d66c9e3c89c42121a83"
  integrity sha512-NIQrwvv9V39FHgGFm36+U9SMQzbiHvU79k+iADraJTpmrFFfx7Ds0IvDoAdZsDrknlkRk14OYoWXb57uTh7/sw==

prettier@1.19.1:
  version "1.19.1"
  resolved "https://registry.yarnpkg.com/prettier/-/prettier-1.19.1.tgz#f7d7f5ff8a9cd872a7be4ca142095956a60797cb"
  integrity sha512-s7PoyDv/II1ObgQunCbB9PdLmUcBZcnWOcxDh7O0N/UwDEsHyqkW+Qh28jW+mVuCdx7gLB0BotYI1Y6uI9iyew==
